
Microsoft Visual Studio Solution File, Format Version 12.00
Project("{FAE04EC0-301F-11D3-BF4B-00C04F79EFBC}") = "SampleApp", "SampleApp\SampleApp.csproj", "{88CCC08A-B14F-426B-9790-079C020612B1}"
EndProject
Project("{FAE04EC0-301F-11D3-BF4B-00C04F79EFBC}") = "SampleApp.IntegrationTests", "SampleApp.IntegrationTests\SampleApp.IntegrationTests.csproj", "{5123162D-BA95-4B38-B07A-20F26DDB4FB6}"
EndProject
Global
	GlobalSection(SolutionConfigurationPlatforms) = preSolution
		Debug|Any CPU = Debug|Any CPU
		Debug|x64 = Debug|x64
		Debug|x86 = Debug|x86
		Release|Any CPU = Release|Any CPU
		Release|x64 = Release|x64
		Release|x86 = Release|x86
	EndGlobalSection
	GlobalSection(ProjectConfigurationPlatforms) = postSolution
		{88CCC08A-B14F-426B-9790-079C020612B1}.Debug|Any CPU.ActiveCfg = Debug|Any CPU
		{88CCC08A-B14F-426B-9790-079C020612B1}.Debug|Any CPU.Build.0 = Debug|Any CPU
		{88CCC08A-B14F-426B-9790-079C020612B1}.Debug|x64.ActiveCfg = Debug|Any CPU
		{88CCC08A-B14F-426B-9790-079C020612B1}.Debug|x64.Build.0 = Debug|Any CPU
		{88CCC08A-B14F-426B-9790-079C020612B1}.Debug|x86.ActiveCfg = Debug|Any CPU
		{88CCC08A-B14F-426B-9790-079C020612B1}.Debug|x86.Build.0 = Debug|Any CPU
		{88CCC08A-B14F-426B-9790-079C020612B1}.Release|Any CPU.ActiveCfg = Release|Any CPU
		{88CCC08A-B14F-426B-9790-079C020612B1}.Release|Any CPU.Build.0 = Release|Any CPU
		{88CCC08A-B14F-426B-9790-079C020612B1}.Release|x64.ActiveCfg = Release|Any CPU
		{88CCC08A-B14F-426B-9790-079C020612B1}.Release|x64.Build.0 = Release|Any CPU
		{88CCC08A-B14F-426B-9790-079C020612B1}.Release|x86.ActiveCfg = Release|Any CPU
		{88CCC08A-B14F-426B-9790-079C020612B1}.Release|x86.Build.0 = Release|Any CPU
		{5123162D-BA95-4B38-B07A-20F26DDB4FB6}.Debug|Any CPU.ActiveCfg = Debug|Any CPU
		{5123162D-BA95-4B38-B07A-20F26DDB4FB6}.Debug|Any CPU.Build.0 = Debug|Any CPU
		{5123162D-BA95-4B38-B07A-20F26DDB4FB6}.Debug|x64.ActiveCfg = Debug|Any CPU
		{5123162D-BA95-4B38-B07A-20F26DDB4FB6}.Debug|x64.Build.0 = Debug|Any CPU
		{5123162D-BA95-4B38-B07A-20F26DDB4FB6}.Debug|x86.ActiveCfg = Debug|Any CPU
		{5123162D-BA95-4B38-B07A-20F26DDB4FB6}.Debug|x86.Build.0 = Debug|Any CPU
		{5123162D-BA95-4B38-B07A-20F26DDB4FB6}.Release|Any CPU.ActiveCfg = Release|Any CPU
		{5123162D-BA95-4B38-B07A-20F26DDB4FB6}.Release|Any CPU.Build.0 = Release|Any CPU
		{5123162D-BA95-4B38-B07A-20F26DDB4FB6}.Release|x64.ActiveCfg = Release|Any CPU
		{5123162D-BA95-4B38-B07A-20F26DDB4FB6}.Release|x64.Build.0 = Release|Any CPU
		{5123162D-BA95-4B38-B07A-20F26DDB4FB6}.Release|x86.ActiveCfg = Release|Any CPU
		{5123162D-BA95-4B38-B07A-20F26DDB4FB6}.Release|x86.Build.0 = Release|Any CPU
	EndGlobalSection
	GlobalSection(SolutionProperties) = preSolution
		HideSolutionNode = FALSE
	EndGlobalSection
EndGlobal
